
Microsoft Visual Studio Solution File, Format Version 12.00
# Visual Studio Version 16
VisualStudioVersion = 16.0.30114.105
MinimumVisualStudioVersion = 10.0.40219.1
Project("{FAE04EC0-301F-11D3-BF4B-00C04F79EFBC}") = "API", "API\API.csproj", "{5A44932A-E957-4E44-9EC6-753F0264C51C}"
EndProject
Project("{FAE04EC0-301F-11D3-BF4B-00C04F79EFBC}") = "Apllication", "Apllication\Apllication.csproj", "{1D2BC45C-2DC3-4FC2-9369-6E26ABA455A9}"
EndProject
Project("{FAE04EC0-301F-11D3-BF4B-00C04F79EFBC}") = "Persistence", "Persistence\Persistence.csproj", "{1E4E1FF3-F0DB-45FF-A118-06FEE635B8E7}"
EndProject
Project("{FAE04EC0-301F-11D3-BF4B-00C04F79EFBC}") = "Domain", "Domain\Domain.csproj", "{AB3950DF-9A04-41FA-A642-242346694ED3}"
EndProject
Global
	GlobalSection(SolutionConfigurationPlatforms) = preSolution
		Debug|Any CPU = Debug|Any CPU
		Release|Any CPU = Release|Any CPU
	EndGlobalSection
	GlobalSection(SolutionProperties) = preSolution
		HideSolutionNode = FALSE
	EndGlobalSection
	GlobalSection(ProjectConfigurationPlatforms) = postSolution
		{5A44932A-E957-4E44-9EC6-753F0264C51C}.Debug|Any CPU.ActiveCfg = Debug|Any CPU
		{5A44932A-E957-4E44-9EC6-753F0264C51C}.Debug|Any CPU.Build.0 = Debug|Any CPU
		{5A44932A-E957-4E44-9EC6-753F0264C51C}.Release|Any CPU.ActiveCfg = Release|Any CPU
		{5A44932A-E957-4E44-9EC6-753F0264C51C}.Release|Any CPU.Build.0 = Release|Any CPU
		{1D2BC45C-2DC3-4FC2-9369-6E26ABA455A9}.Debug|Any CPU.ActiveCfg = Debug|Any CPU
		{1D2BC45C-2DC3-4FC2-9369-6E26ABA455A9}.Debug|Any CPU.Build.0 = Debug|Any CPU
		{1D2BC45C-2DC3-4FC2-9369-6E26ABA455A9}.Release|Any CPU.ActiveCfg = Release|Any CPU
		{1D2BC45C-2DC3-4FC2-9369-6E26ABA455A9}.Release|Any CPU.Build.0 = Release|Any CPU
		{1E4E1FF3-F0DB-45FF-A118-06FEE635B8E7}.Debug|Any CPU.ActiveCfg = Debug|Any CPU
		{1E4E1FF3-F0DB-45FF-A118-06FEE635B8E7}.Debug|Any CPU.Build.0 = Debug|Any CPU
		{1E4E1FF3-F0DB-45FF-A118-06FEE635B8E7}.Release|Any CPU.ActiveCfg = Release|Any CPU
		{1E4E1FF3-F0DB-45FF-A118-06FEE635B8E7}.Release|Any CPU.Build.0 = Release|Any CPU
		{AB3950DF-9A04-41FA-A642-242346694ED3}.Debug|Any CPU.ActiveCfg = Debug|Any CPU
		{AB3950DF-9A04-41FA-A642-242346694ED3}.Debug|Any CPU.Build.0 = Debug|Any CPU
		{AB3950DF-9A04-41FA-A642-242346694ED3}.Release|Any CPU.ActiveCfg = Release|Any CPU
		{AB3950DF-9A04-41FA-A642-242346694ED3}.Release|Any CPU.Build.0 = Release|Any CPU
	EndGlobalSection
EndGlobal
